// !$*UTF8*$!
{
	archiveVersion = 1;
	classes = {
	};
	objectVersion = 46;
	objects = {

/* Begin PBXBuildFile section */
		75AC167B1D49D389001EE1FC /* main.m in Sources */ = {isa = PBXBuildFile; fileRef = 75AC167A1D49D389001EE1FC /* main.m */; };
		75AC167E1D49D389001EE1FC /* AppDelegate.m in Sources */ = {isa = PBXBuildFile; fileRef = 75AC167D1D49D389001EE1FC /* AppDelegate.m */; };
		75AC16811D49D389001EE1FC /* ViewController.m in Sources */ = {isa = PBXBuildFile; fileRef = 75AC16801D49D389001EE1FC /* ViewController.m */; };
		75AC16841D49D389001EE1FC /* Main.storyboard in Resources */ = {isa = PBXBuildFile; fileRef = 75AC16821D49D389001EE1FC /* Main.storyboard */; };
		75AC16861D49D389001EE1FC /* Assets.xcassets in Resources */ = {isa = PBXBuildFile; fileRef = 75AC16851D49D389001EE1FC /* Assets.xcassets */; };
		75AC16891D49D389001EE1FC /* LaunchScreen.storyboard in Resources */ = {isa = PBXBuildFile; fileRef = 75AC16871D49D389001EE1FC /* LaunchScreen.storyboard */; };
		75AC16941D49D389001EE1FC /* ControlCenterTests.m in Sources */ = {isa = PBXBuildFile; fileRef = 75AC16931D49D389001EE1FC /* ControlCenterTests.m */; };
		75AC169F1D49D389001EE1FC /* ControlCenterUITests.m in Sources */ = {isa = PBXBuildFile; fileRef = 75AC169E1D49D389001EE1FC /* ControlCenterUITests.m */; };
/* End PBXBuildFile section */

/* Begin PBXContainerItemProxy section */
		75AC16901D49D389001EE1FC /* PBXContainerItemProxy */ = {
			isa = PBXContainerItemProxy;
			containerPortal = 75AC166E1D49D389001EE1FC /* Project object */;
			proxyType = 1;
			remoteGlobalIDString = 75AC16751D49D389001EE1FC;
			remoteInfo = ControlCenter;
		};
		75AC169B1D49D389001EE1FC /* PBXContainerItemProxy */ = {
			isa = PBXContainerItemProxy;
			containerPortal = 75AC166E1D49D389001EE1FC /* Project object */;
			proxyType = 1;
			remoteGlobalIDString = 75AC16751D49D389001EE1FC;
			remoteInfo = ControlCenter;
		};
/* End PBXContainerItemProxy section */

/* Begin PBXFileReference section */
		75AC16761D49D389001EE1FC /* ControlCenter.app */ = {isa = PBXFileReference; explicitFileType = wrapper.application; includeInIndex = 0; path = ControlCenter.app; sourceTree = BUILT_PRODUCTS_DIR; };
		75AC167A1D49D389001EE1FC /* main.m */ = {isa = PBXFileReference; lastKnownFileType = sourcecode.c.objc; path = main.m; sourceTree = "<group>"; };
		75AC167C1D49D389001EE1FC /* AppDelegate.h */ = {isa = PBXFileReference; lastKnownFileType = sourcecode.c.h; path = AppDelegate.h; sourceTree = "<group>"; };
		75AC167D1D49D389001EE1FC /* AppDelegate.m */ = {isa = PBXFileReference; lastKnownFileType = sourcecode.c.objc; path = AppDelegate.m; sourceTree = "<group>"; };
		75AC167F1D49D389001EE1FC /* ViewController.h */ = {isa = PBXFileReference; lastKnownFileType = sourcecode.c.h; path = ViewController.h; sourceTree = "<group>"; };
		75AC16801D49D389001EE1FC /* ViewController.m */ = {isa = PBXFileReference; lastKnownFileType = sourcecode.c.objc; path = ViewController.m; sourceTree = "<group>"; };
		75AC16831D49D389001EE1FC /* Base */ = {isa = PBXFileReference; lastKnownFileType = file.storyboard; name = Base; path = Base.lproj/Main.storyboard; sourceTree = "<group>"; };
		75AC16851D49D389001EE1FC /* Assets.xcassets */ = {isa = PBXFileReference; lastKnownFileType = folder.assetcatalog; path = Assets.xcassets; sourceTree = "<group>"; };
		75AC16881D49D389001EE1FC /* Base */ = {isa = PBXFileReference; lastKnownFileType = file.storyboard; name = Base; path = Base.lproj/LaunchScreen.storyboard; sourceTree = "<group>"; };
		75AC168A1D49D389001EE1FC /* Info.plist */ = {isa = PBXFileReference; lastKnownFileType = text.plist.xml; path = Info.plist; sourceTree = "<group>"; };
		75AC168F1D49D389001EE1FC /* ControlCenterTests.xctest */ = {isa = PBXFileReference; explicitFileType = wrapper.cfbundle; includeInIndex = 0; path = ControlCenterTests.xctest; sourceTree = BUILT_PRODUCTS_DIR; };
		75AC16931D49D389001EE1FC /* ControlCenterTests.m */ = {isa = PBXFileReference; lastKnownFileType = sourcecode.c.objc; path = ControlCenterTests.m; sourceTree = "<group>"; };
		75AC16951D49D389001EE1FC /* Info.plist */ = {isa = PBXFileReference; lastKnownFileType = text.plist.xml; path = Info.plist; sourceTree = "<group>"; };
		75AC169A1D49D389001EE1FC /* ControlCenterUITests.xctest */ = {isa = PBXFileReference; explicitFileType = wrapper.cfbundle; includeInIndex = 0; path = ControlCenterUITests.xctest; sourceTree = BUILT_PRODUCTS_DIR; };
		75AC169E1D49D389001EE1FC /* ControlCenterUITests.m */ = {isa = PBXFileReference; lastKnownFileType = sourcecode.c.objc; path = ControlCenterUITests.m; sourceTree = "<group>"; };
		75AC16A01D49D389001EE1FC /* Info.plist */ = {isa = PBXFileReference; lastKnownFileType = text.plist.xml; path = Info.plist; sourceTree = "<group>"; };
/* End PBXFileReference section */

/* Begin PBXFrameworksBuildPhase section */
		75AC16731D49D389001EE1FC /* Frameworks */ = {
			isa = PBXFrameworksBuildPhase;
			buildActionMask = 2147483647;
			files = (
			);
			runOnlyForDeploymentPostprocessing = 0;
		};
		75AC168C1D49D389001EE1FC /* Frameworks */ = {
			isa = PBXFrameworksBuildPhase;
			buildActionMask = 2147483647;
			files = (
			);
			runOnlyForDeploymentPostprocessing = 0;
		};
		75AC16971D49D389001EE1FC /* Frameworks */ = {
			isa = PBXFrameworksBuildPhase;
			buildActionMask = 2147483647;
			files = (
			);
			runOnlyForDeploymentPostprocessing = 0;
		};
/* End PBXFrameworksBuildPhase section */

/* Begin PBXGroup section */
		75AC166D1D49D389001EE1FC = {
			isa = PBXGroup;
			children = (
				75AC16781D49D389001EE1FC /* ControlCenter */,
				75AC16921D49D389001EE1FC /* ControlCenterTests */,
				75AC169D1D49D389001EE1FC /* ControlCenterUITests */,
				75AC16771D49D389001EE1FC /* Products */,
			);
			sourceTree = "<group>";
		};
		75AC16771D49D389001EE1FC /* Products */ = {
			isa = PBXGroup;
			children = (
				75AC16761D49D389001EE1FC /* ControlCenter.app */,
				75AC168F1D49D389001EE1FC /* ControlCenterTests.xctest */,
				75AC169A1D49D389001EE1FC /* ControlCenterUITests.xctest */,
			);
			name = Products;
			sourceTree = "<group>";
		};
		75AC16781D49D389001EE1FC /* ControlCenter */ = {
			isa = PBXGroup;
			children = (
				75AC167C1D49D389001EE1FC /* AppDelegate.h */,
				75AC167D1D49D389001EE1FC /* AppDelegate.m */,
				75AC167F1D49D389001EE1FC /* ViewController.h */,
				75AC16801D49D389001EE1FC /* ViewController.m */,
				75AC16821D49D389001EE1FC /* Main.storyboard */,
				75AC16851D49D389001EE1FC /* Assets.xcassets */,
				75AC16871D49D389001EE1FC /* LaunchScreen.storyboard */,
				75AC168A1D49D389001EE1FC /* Info.plist */,
				75AC16791D49D389001EE1FC /* Supporting Files */,
			);
			path = ControlCenter;
			sourceTree = "<group>";
		};
		75AC16791D49D389001EE1FC /* Supporting Files */ = {
			isa = PBXGroup;
			children = (
				75AC167A1D49D389001EE1FC /* main.m */,
			);
			name = "Supporting Files";
			sourceTree = "<group>";
		};
		75AC16921D49D389001EE1FC /* ControlCenterTests */ = {
			isa = PBXGroup;
			children = (
				75AC16931D49D389001EE1FC /* ControlCenterTests.m */,
				75AC16951D49D389001EE1FC /* Info.plist */,
			);
			path = ControlCenterTests;
			sourceTree = "<group>";
		};
		75AC169D1D49D389001EE1FC /* ControlCenterUITests */ = {
			isa = PBXGroup;
			children = (
				75AC169E1D49D389001EE1FC /* ControlCenterUITests.m */,
				75AC16A01D49D389001EE1FC /* Info.plist */,
			);
			path = ControlCenterUITests;
			sourceTree = "<group>";
		};
/* End PBXGroup section */

/* Begin PBXNativeTarget section */
		75AC16751D49D389001EE1FC /* ControlCenter */ = {
			isa = PBXNativeTarget;
			buildConfigurationList = 75AC16A31D49D389001EE1FC /* Build configuration list for PBXNativeTarget "ControlCenter" */;
			buildPhases = (
				75AC16721D49D389001EE1FC /* Sources */,
				75AC16731D49D389001EE1FC /* Frameworks */,
				75AC16741D49D389001EE1FC /* Resources */,
			);
			buildRules = (
			);
			dependencies = (
			);
			name = ControlCenter;
			productName = ControlCenter;
			productReference = 75AC16761D49D389001EE1FC /* ControlCenter.app */;
			productType = "com.apple.product-type.application";
		};
		75AC168E1D49D389001EE1FC /* ControlCenterTests */ = {
			isa = PBXNativeTarget;
			buildConfigurationList = 75AC16A61D49D389001EE1FC /* Build configuration list for PBXNativeTarget "ControlCenterTests" */;
			buildPhases = (
				75AC168B1D49D389001EE1FC /* Sources */,
				75AC168C1D49D389001EE1FC /* Frameworks */,
				75AC168D1D49D389001EE1FC /* Resources */,
			);
			buildRules = (
			);
			dependencies = (
				75AC16911D49D389001EE1FC /* PBXTargetDependency */,
			);
			name = ControlCenterTests;
			productName = ControlCenterTests;
			productReference = 75AC168F1D49D389001EE1FC /* ControlCenterTests.xctest */;
			productType = "com.apple.product-type.bundle.unit-test";
		};
		75AC16991D49D389001EE1FC /* ControlCenterUITests */ = {
			isa = PBXNativeTarget;
			buildConfigurationList = 75AC16A91D49D389001EE1FC /* Build configuration list for PBXNativeTarget "ControlCenterUITests" */;
			buildPhases = (
				75AC16961D49D389001EE1FC /* Sources */,
				75AC16971D49D389001EE1FC /* Frameworks */,
				75AC16981D49D389001EE1FC /* Resources */,
			);
			buildRules = (
			);
			dependencies = (
				75AC169C1D49D389001EE1FC /* PBXTargetDependency */,
			);
			name = ControlCenterUITests;
			productName = ControlCenterUITests;
			productReference = 75AC169A1D49D389001EE1FC /* ControlCenterUITests.xctest */;
			productType = "com.apple.product-type.bundle.ui-testing";
		};
/* End PBXNativeTarget section */

/* Begin PBXProject section */
		75AC166E1D49D389001EE1FC /* Project object */ = {
			isa = PBXProject;
			attributes = {
				LastUpgradeCheck = 0730;
				ORGANIZATIONNAME = "罗向宇";
				TargetAttributes = {
					75AC16751D49D389001EE1FC = {
						CreatedOnToolsVersion = 7.3.1;
					};
					75AC168E1D49D389001EE1FC = {
						CreatedOnToolsVersion = 7.3.1;
						TestTargetID = 75AC16751D49D389001EE1FC;
					};
					75AC16991D49D389001EE1FC = {
						CreatedOnToolsVersion = 7.3.1;
						TestTargetID = 75AC16751D49D389001EE1FC;
					};
				};
			};
			buildConfigurationList = 75AC16711D49D389001EE1FC /* Build configuration list for PBXProject "ControlCenter" */;
			compatibilityVersion = "Xcode 3.2";
			developmentRegion = English;
			hasScannedForEncodings = 0;
			knownRegions = (
				en,
				Base,
			);
			mainGroup = 75AC166D1D49D389001EE1FC;
			productRefGroup = 75AC16771D49D389001EE1FC /* Products */;
			projectDirPath = "";
			projectRoot = "";
			targets = (
				75AC16751D49D389001EE1FC /* ControlCenter */,
				75AC168E1D49D389001EE1FC /* ControlCenterTests */,
				75AC16991D49D389001EE1FC /* ControlCenterUITests */,
			);
		};
/* End PBXProject section */

/* Begin PBXResourcesBuildPhase section */
		75AC16741D49D389001EE1FC /* Resources */ = {
			isa = PBXResourcesBuildPhase;
			buildActionMask = 2147483647;
			files = (
				75AC16891D49D389001EE1FC /* LaunchScreen.storyboard in Resources */,
				75AC16861D49D389001EE1FC /* Assets.xcassets in Resources */,
				75AC16841D49D389001EE1FC /* Main.storyboard in Resources */,
			);
			runOnlyForDeploymentPostprocessing = 0;
		};
		75AC168D1D49D389001EE1FC /* Resources */ = {
			isa = PBXResourcesBuildPhase;
			buildActionMask = 2147483647;
			files = (
			);
			runOnlyForDeploymentPostprocessing = 0;
		};
		75AC16981D49D389001EE1FC /* Resources */ = {
			isa = PBXResourcesBuildPhase;
			buildActionMask = 2147483647;
			files = (
			);
			runOnlyForDeploymentPostprocessing = 0;
		};
/* End PBXResourcesBuildPhase section */

/* Begin PBXSourcesBuildPhase section */
		75AC16721D49D389001EE1FC /* Sources */ = {
			isa = PBXSourcesBuildPhase;
			buildActionMask = 2147483647;
			files = (
				75AC16811D49D389001EE1FC /* ViewController.m in Sources */,
				75AC167E1D49D389001EE1FC /* AppDelegate.m in Sources */,
				75AC167B1D49D389001EE1FC /* main.m in Sources */,
			);
			runOnlyForDeploymentPostprocessing = 0;
		};
		75AC168B1D49D389001EE1FC /* Sources */ = {
			isa = PBXSourcesBuildPhase;
			buildActionMask = 2147483647;
			files = (
				75AC16941D49D389001EE1FC /* ControlCenterTests.m in Sources */,
			);
			runOnlyForDeploymentPostprocessing = 0;
		};
		75AC16961D49D389001EE1FC /* Sources */ = {
			isa = PBXSourcesBuildPhase;
			buildActionMask = 2147483647;
			files = (
				75AC169F1D49D389001EE1FC /* ControlCenterUITests.m in Sources */,
			);
			runOnlyForDeploymentPostprocessing = 0;
		};
/* End PBXSourcesBuildPhase section */

/* Begin PBXTargetDependency section */
		75AC16911D49D389001EE1FC /* PBXTargetDependency */ = {
			isa = PBXTargetDependency;
			target = 75AC16751D49D389001EE1FC /* ControlCenter */;
			targetProxy = 75AC16901D49D389001EE1FC /* PBXContainerItemProxy */;
		};
		75AC169C1D49D389001EE1FC /* PBXTargetDependency */ = {
			isa = PBXTargetDependency;
			target = 75AC16751D49D389001EE1FC /* ControlCenter */;
			targetProxy = 75AC169B1D49D389001EE1FC /* PBXContainerItemProxy */;
		};
/* End PBXTargetDependency section */

/* Begin PBXVariantGroup section */
		75AC16821D49D389001EE1FC /* Main.storyboard */ = {
			isa = PBXVariantGroup;
			children = (
				75AC16831D49D389001EE1FC /* Base */,
			);
			name = Main.storyboard;
			sourceTree = "<group>";
		};
		75AC16871D49D389001EE1FC /* LaunchScreen.storyboard */ = {
			isa = PBXVariantGroup;
			children = (
				75AC16881D49D389001EE1FC /* Base */,
			);
			name = LaunchScreen.storyboard;
			sourceTree = "<group>";
		};
/* End PBXVariantGroup section */

/* Begin XCBuildConfiguration section */
		75AC16A11D49D389001EE1FC /* Debug */ = {
			isa = XCBuildConfiguration;
			buildSettings = {
				ALWAYS_SEARCH_USER_PATHS = NO;
				CLANG_ANALYZER_NONNULL = YES;
				CLANG_CXX_LANGUAGE_STANDARD = "gnu++0x";
				CLANG_CXX_LIBRARY = "libc++";
				CLANG_ENABLE_MODULES = YES;
				CLANG_ENABLE_OBJC_ARC = YES;
				CLANG_WARN_BOOL_CONVERSION = YES;
				CLANG_WARN_CONSTANT_CONVERSION = YES;
				CLANG_WARN_DIRECT_OBJC_ISA_USAGE = YES_ERROR;
				CLANG_WARN_EMPTY_BODY = YES;
				CLANG_WARN_ENUM_CONVERSION = YES;
				CLANG_WARN_INT_CONVERSION = YES;
				CLANG_WARN_OBJC_ROOT_CLASS = YES_ERROR;
				CLANG_WARN_UNREACHABLE_CODE = YES;
				CLANG_WARN__DUPLICATE_METHOD_MATCH = YES;
				"CODE_SIGN_IDENTITY[sdk=iphoneos*]" = "iPhone Developer";
				COPY_PHASE_STRIP = NO;
				DEBUG_INFORMATION_FORMAT = dwarf;
				ENABLE_STRICT_OBJC_MSGSEND = YES;
				ENABLE_TESTABILITY = YES;
				GCC_C_LANGUAGE_STANDARD = gnu99;
				GCC_DYNAMIC_NO_PIC = NO;
				GCC_NO_COMMON_BLOCKS = YES;
				GCC_OPTIMIZATION_LEVEL = 0;
				GCC_PREPROCESSOR_DEFINITIONS = (
					"DEBUG=1",
					"$(inherited)",
				);
				GCC_WARN_64_TO_32_BIT_CONVERSION = YES;
				GCC_WARN_ABOUT_RETURN_TYPE = YES_ERROR;
				GCC_WARN_UNDECLARED_SELECTOR = YES;
				GCC_WARN_UNINITIALIZED_AUTOS = YES_AGGRESSIVE;
				GCC_WARN_UNUSED_FUNCTION = YES;
				GCC_WARN_UNUSED_VARIABLE = YES;
				IPHONEOS_DEPLOYMENT_TARGET = 9.3;
				MTL_ENABLE_DEBUG_INFO = YES;
				ONLY_ACTIVE_ARCH = YES;
				SDKROOT = iphoneos;
			};
			name = Debug;
		};
		75AC16A21D49D389001EE1FC /* Release */ = {
			isa = XCBuildConfiguration;
			buildSettings = {
				ALWAYS_SEARCH_USER_PATHS = NO;
				CLANG_ANALYZER_NONNULL = YES;
				CLANG_CXX_LANGUAGE_STANDARD = "gnu++0x";
				CLANG_CXX_LIBRARY = "libc++";
				CLANG_ENABLE_MODULES = YES;
				CLANG_ENABLE_OBJC_ARC = YES;
				CLANG_WARN_BOOL_CONVERSION = YES;
				CLANG_WARN_CONSTANT_CONVERSION = YES;
				CLANG_WARN_DIRECT_OBJC_ISA_USAGE = YES_ERROR;
				CLANG_WARN_EMPTY_BODY = YES;
				CLANG_WARN_ENUM_CONVERSION = YES;
				CLANG_WARN_INT_CONVERSION = YES;
				CLANG_WARN_OBJC_ROOT_CLASS = YES_ERROR;
				CLANG_WARN_UNREACHABLE_CODE = YES;
				CLANG_WARN__DUPLICATE_METHOD_MATCH = YES;
				"CODE_SIGN_IDENTITY[sdk=iphoneos*]" = "iPhone Developer";
				COPY_PHASE_STRIP = NO;
				DEBUG_INFORMATION_FORMAT = "dwarf-with-dsym";
				ENABLE_NS_ASSERTIONS = NO;
				ENABLE_STRICT_OBJC_MSGSEND = YES;
				GCC_C_LANGUAGE_STANDARD = gnu99;
				GCC_NO_COMMON_BLOCKS = YES;
				GCC_WARN_64_TO_32_BIT_CONVERSION = YES;
				GCC_WARN_ABOUT_RETURN_TYPE = YES_ERROR;
				GCC_WARN_UNDECLARED_SELECTOR = YES;
				GCC_WARN_UNINITIALIZED_AUTOS = YES_AGGRESSIVE;
				GCC_WARN_UNUSED_FUNCTION = YES;
				GCC_WARN_UNUSED_VARIABLE = YES;
				IPHONEOS_DEPLOYMENT_TARGET = 9.3;
				MTL_ENABLE_DEBUG_INFO = NO;
				SDKROOT = iphoneos;
				VALIDATE_PRODUCT = YES;
			};
			name = Release;
		};
		75AC16A41D49D389001EE1FC /* Debug */ = {
			isa = XCBuildConfiguration;
			buildSettings = {
				ASSETCATALOG_COMPILER_APPICON_NAME = AppIcon;
				INFOPLIST_FILE = ControlCenter/Info.plist;
				LD_RUNPATH_SEARCH_PATHS = "$(inherited) @executable_path/Frameworks";
				PRODUCT_BUNDLE_IDENTIFIER = com.xxx.ControlCenter;
				PRODUCT_NAME = "$(TARGET_NAME)";
			};
			name = Debug;
		};
		75AC16A51D49D389001EE1FC /* Release */ = {
			isa = XCBuildConfiguration;
			buildSettings = {
				ASSETCATALOG_COMPILER_APPICON_NAME = AppIcon;
				INFOPLIST_FILE = ControlCenter/Info.plist;
				LD_RUNPATH_SEARCH_PATHS = "$(inherited) @executable_path/Frameworks";
				PRODUCT_BUNDLE_IDENTIFIER = com.xxx.ControlCenter;
				PRODUCT_NAME = "$(TARGET_NAME)";
			};
			name = Release;
		};
		75AC16A71D49D389001EE1FC /* Debug */ = {
			isa = XCBuildConfiguration;
			buildSettings = {
				BUNDLE_LOADER = "$(TEST_HOST)";
				INFOPLIST_FILE = ControlCenterTests/Info.plist;
				LD_RUNPATH_SEARCH_PATHS = "$(inherited) @executable_path/Frameworks @loader_path/Frameworks";
				PRODUCT_BUNDLE_IDENTIFIER = com.xxx.ControlCenterTests;
				PRODUCT_NAME = "$(TARGET_NAME)";
				TEST_HOST = "$(BUILT_PRODUCTS_DIR)/ControlCenter.app/ControlCenter";
			};
			name = Debug;
		};
		75AC16A81D49D389001EE1FC /* Release */ = {
			isa = XCBuildConfiguration;
			buildSettings = {
				BUNDLE_LOADER = "$(TEST_HOST)";
				INFOPLIST_FILE = ControlCenterTests/Info.plist;
				LD_RUNPATH_SEARCH_PATHS = "$(inherited) @executable_path/Frameworks @loader_path/Frameworks";
				PRODUCT_BUNDLE_IDENTIFIER = com.xxx.ControlCenterTests;
				PRODUCT_NAME = "$(TARGET_NAME)";
				TEST_HOST = "$(BUILT_PRODUCTS_DIR)/ControlCenter.app/ControlCenter";
			};
			name = Release;
		};
		75AC16AA1D49D389001EE1FC /* Debug */ = {
			isa = XCBuildConfiguration;
			buildSettings = {
				INFOPLIST_FILE = ControlCenterUITests/Info.plist;
				LD_RUNPATH_SEARCH_PATHS = "$(inherited) @executable_path/Frameworks @loader_path/Frameworks";
				PRODUCT_BUNDLE_IDENTIFIER = com.xxx.ControlCenterUITests;
				PRODUCT_NAME = "$(TARGET_NAME)";
				TEST_TARGET_NAME = ControlCenter;
			};
			name = Debug;
		};
		75AC16AB1D49D389001EE1FC /* Release */ = {
			isa = XCBuildConfiguration;
			buildSettings = {
				INFOPLIST_FILE = ControlCenterUITests/Info.plist;
				LD_RUNPATH_SEARCH_PATHS = "$(inherited) @executable_path/Frameworks @loader_path/Frameworks";
				PRODUCT_BUNDLE_IDENTIFIER = com.xxx.ControlCenterUITests;
				PRODUCT_NAME = "$(TARGET_NAME)";
				TEST_TARGET_NAME = ControlCenter;
			};
			name = Release;
		};
/* End XCBuildConfiguration section */

/* Begin XCConfigurationList section */
		75AC16711D49D389001EE1FC /* Build configuration list for PBXProject "ControlCenter" */ = {
			isa = XCConfigurationList;
			buildConfigurations = (
				75AC16A11D49D389001EE1FC /* Debug */,
				75AC16A21D49D389001EE1FC /* Release */,
			);
			defaultConfigurationIsVisible = 0;
			defaultConfigurationName = Release;
		};
		75AC16A31D49D389001EE1FC /* Build configuration list for PBXNativeTarget "ControlCenter" */ = {
			isa = XCConfigurationList;
			buildConfigurations = (
				75AC16A41D49D389001EE1FC /* Debug */,
				75AC16A51D49D389001EE1FC /* Release */,
			);
			defaultConfigurationIsVisible = 0;
		};
		75AC16A61D49D389001EE1FC /* Build configuration list for PBXNativeTarget "ControlCenterTests" */ = {
			isa = XCConfigurationList;
			buildConfigurations = (
				75AC16A71D49D389001EE1FC /* Debug */,
				75AC16A81D49D389001EE1FC /* Release */,
			);
			defaultConfigurationIsVisible = 0;
		};
		75AC16A91D49D389001EE1FC /* Build configuration list for PBXNativeTarget "ControlCenterUITests" */ = {
			isa = XCConfigurationList;
			buildConfigurations = (
				75AC16AA1D49D389001EE1FC /* Debug */,
				75AC16AB1D49D389001EE1FC /* Release */,
			);
			defaultConfigurationIsVisible = 0;
		};
/* End XCConfigurationList section */
	};
	rootObject = 75AC166E1D49D389001EE1FC /* Project object */;
}
